
Microsoft Visual Studio Solution File, Format Version 12.00
# Visual Studio Version 16
VisualStudioVersion = 16.0.31729.503
MinimumVisualStudioVersion = 10.0.40219.1
Project("{FAE04EC0-301F-11D3-BF4B-00C04F79EFBC}") = "number_of _month", "number_of _month.csproj", "{5FDD06FC-A739-4970-B9D0-3210F4D54919}"
EndProject
Global
	GlobalSection(SolutionConfigurationPlatforms) = preSolution
		Debug|Any CPU = Debug|Any CPU
		Release|Any CPU = Release|Any CPU
	EndGlobalSection
	GlobalSection(ProjectConfigurationPlatforms) = postSolution
		{5FDD06FC-A739-4970-B9D0-3210F4D54919}.Debug|Any CPU.ActiveCfg = Debug|Any CPU
		{5FDD06FC-A739-4970-B9D0-3210F4D54919}.Debug|Any CPU.Build.0 = Debug|Any CPU
		{5FDD06FC-A739-4970-B9D0-3210F4D54919}.Release|Any CPU.ActiveCfg = Release|Any CPU
		{5FDD06FC-A739-4970-B9D0-3210F4D54919}.Release|Any CPU.Build.0 = Release|Any CPU
	EndGlobalSection
	GlobalSection(SolutionProperties) = preSolution
		HideSolutionNode = FALSE
	EndGlobalSection
	GlobalSection(ExtensibilityGlobals) = postSolution
		SolutionGuid = {2F81AEB4-B0CA-40D4-8690-9D24397C5781}
	EndGlobalSection
EndGlobal
