
Microsoft Visual Studio Solution File, Format Version 12.00
# Visual Studio Version 16
VisualStudioVersion = 16.0.31729.503
MinimumVisualStudioVersion = 10.0.40219.1
Project("{FAE04EC0-301F-11D3-BF4B-00C04F79EFBC}") = "type_of_triangle", "type_of_triangle.csproj", "{FA0A1A89-AE78-44D9-A069-55A5F70BB4E8}"
EndProject
Global
	GlobalSection(SolutionConfigurationPlatforms) = preSolution
		Debug|Any CPU = Debug|Any CPU
		Release|Any CPU = Release|Any CPU
	EndGlobalSection
	GlobalSection(ProjectConfigurationPlatforms) = postSolution
		{FA0A1A89-AE78-44D9-A069-55A5F70BB4E8}.Debug|Any CPU.ActiveCfg = Debug|Any CPU
		{FA0A1A89-AE78-44D9-A069-55A5F70BB4E8}.Debug|Any CPU.Build.0 = Debug|Any CPU
		{FA0A1A89-AE78-44D9-A069-55A5F70BB4E8}.Release|Any CPU.ActiveCfg = Release|Any CPU
		{FA0A1A89-AE78-44D9-A069-55A5F70BB4E8}.Release|Any CPU.Build.0 = Release|Any CPU
	EndGlobalSection
	GlobalSection(SolutionProperties) = preSolution
		HideSolutionNode = FALSE
	EndGlobalSection
	GlobalSection(ExtensibilityGlobals) = postSolution
		SolutionGuid = {63BAA93A-67B5-4D03-AEDB-CE794AD6E80A}
	EndGlobalSection
EndGlobal
