
Microsoft Visual Studio Solution File, Format Version 12.00
# Visual Studio Version 16
VisualStudioVersion = 16.0.31729.503
MinimumVisualStudioVersion = 10.0.40219.1
Project("{FAE04EC0-301F-11D3-BF4B-00C04F79EFBC}") = "authorization", "authorization.csproj", "{A8D58EDD-B7CF-4661-B5B0-E8CF5CFE9053}"
EndProject
Global
	GlobalSection(SolutionConfigurationPlatforms) = preSolution
		Debug|Any CPU = Debug|Any CPU
		Release|Any CPU = Release|Any CPU
	EndGlobalSection
	GlobalSection(ProjectConfigurationPlatforms) = postSolution
		{A8D58EDD-B7CF-4661-B5B0-E8CF5CFE9053}.Debug|Any CPU.ActiveCfg = Debug|Any CPU
		{A8D58EDD-B7CF-4661-B5B0-E8CF5CFE9053}.Debug|Any CPU.Build.0 = Debug|Any CPU
		{A8D58EDD-B7CF-4661-B5B0-E8CF5CFE9053}.Release|Any CPU.ActiveCfg = Release|Any CPU
		{A8D58EDD-B7CF-4661-B5B0-E8CF5CFE9053}.Release|Any CPU.Build.0 = Release|Any CPU
	EndGlobalSection
	GlobalSection(SolutionProperties) = preSolution
		HideSolutionNode = FALSE
	EndGlobalSection
	GlobalSection(ExtensibilityGlobals) = postSolution
		SolutionGuid = {A8F1E93F-E07D-498D-B217-DD47AD191D53}
	EndGlobalSection
EndGlobal
