
Microsoft Visual Studio Solution File, Format Version 12.00
# Visual Studio Version 16
VisualStudioVersion = 16.0.31729.503
MinimumVisualStudioVersion = 10.0.40219.1
Project("{FAE04EC0-301F-11D3-BF4B-00C04F79EFBC}") = "func_2", "func_2.csproj", "{C1413405-D5A6-4730-A98C-72E9E50A758B}"
EndProject
Global
	GlobalSection(SolutionConfigurationPlatforms) = preSolution
		Debug|Any CPU = Debug|Any CPU
		Release|Any CPU = Release|Any CPU
	EndGlobalSection
	GlobalSection(ProjectConfigurationPlatforms) = postSolution
		{C1413405-D5A6-4730-A98C-72E9E50A758B}.Debug|Any CPU.ActiveCfg = Debug|Any CPU
		{C1413405-D5A6-4730-A98C-72E9E50A758B}.Debug|Any CPU.Build.0 = Debug|Any CPU
		{C1413405-D5A6-4730-A98C-72E9E50A758B}.Release|Any CPU.ActiveCfg = Release|Any CPU
		{C1413405-D5A6-4730-A98C-72E9E50A758B}.Release|Any CPU.Build.0 = Release|Any CPU
	EndGlobalSection
	GlobalSection(SolutionProperties) = preSolution
		HideSolutionNode = FALSE
	EndGlobalSection
	GlobalSection(ExtensibilityGlobals) = postSolution
		SolutionGuid = {4C91D84B-9383-4EA8-97D9-9DEB290EEAA6}
	EndGlobalSection
EndGlobal
