
Microsoft Visual Studio Solution File, Format Version 12.00
# Visual Studio Version 16
VisualStudioVersion = 16.0.31729.503
MinimumVisualStudioVersion = 10.0.40219.1
Project("{FAE04EC0-301F-11D3-BF4B-00C04F79EFBC}") = "12-zavdanya", "12-zavdanya.csproj", "{19A92B95-FE98-47B4-95FB-60794F296C8C}"
EndProject
Global
	GlobalSection(SolutionConfigurationPlatforms) = preSolution
		Debug|Any CPU = Debug|Any CPU
		Release|Any CPU = Release|Any CPU
	EndGlobalSection
	GlobalSection(ProjectConfigurationPlatforms) = postSolution
		{19A92B95-FE98-47B4-95FB-60794F296C8C}.Debug|Any CPU.ActiveCfg = Debug|Any CPU
		{19A92B95-FE98-47B4-95FB-60794F296C8C}.Debug|Any CPU.Build.0 = Debug|Any CPU
		{19A92B95-FE98-47B4-95FB-60794F296C8C}.Release|Any CPU.ActiveCfg = Release|Any CPU
		{19A92B95-FE98-47B4-95FB-60794F296C8C}.Release|Any CPU.Build.0 = Release|Any CPU
	EndGlobalSection
	GlobalSection(SolutionProperties) = preSolution
		HideSolutionNode = FALSE
	EndGlobalSection
	GlobalSection(ExtensibilityGlobals) = postSolution
		SolutionGuid = {9CE32E7F-4523-4C10-808C-52E0C509C4DB}
	EndGlobalSection
EndGlobal
