
Microsoft Visual Studio Solution File, Format Version 12.00
# Visual Studio Version 16
VisualStudioVersion = 16.0.31729.503
MinimumVisualStudioVersion = 10.0.40219.1
Project("{FAE04EC0-301F-11D3-BF4B-00C04F79EFBC}") = "tema11", "tema11.csproj", "{216240A6-0E7D-4BA6-9DDF-16212E18EA49}"
EndProject
Global
	GlobalSection(SolutionConfigurationPlatforms) = preSolution
		Debug|Any CPU = Debug|Any CPU
		Release|Any CPU = Release|Any CPU
	EndGlobalSection
	GlobalSection(ProjectConfigurationPlatforms) = postSolution
		{216240A6-0E7D-4BA6-9DDF-16212E18EA49}.Debug|Any CPU.ActiveCfg = Debug|Any CPU
		{216240A6-0E7D-4BA6-9DDF-16212E18EA49}.Debug|Any CPU.Build.0 = Debug|Any CPU
		{216240A6-0E7D-4BA6-9DDF-16212E18EA49}.Release|Any CPU.ActiveCfg = Release|Any CPU
		{216240A6-0E7D-4BA6-9DDF-16212E18EA49}.Release|Any CPU.Build.0 = Release|Any CPU
	EndGlobalSection
	GlobalSection(SolutionProperties) = preSolution
		HideSolutionNode = FALSE
	EndGlobalSection
	GlobalSection(ExtensibilityGlobals) = postSolution
		SolutionGuid = {47C890F7-4C6F-457E-B005-543C5A9F5F0C}
	EndGlobalSection
EndGlobal
