
Microsoft Visual Studio Solution File, Format Version 12.00
# Visual Studio Version 16
VisualStudioVersion = 16.0.31729.503
MinimumVisualStudioVersion = 10.0.40219.1
Project("{FAE04EC0-301F-11D3-BF4B-00C04F79EFBC}") = "5-zavdanya", "5-zavdanya.csproj", "{AB2D565C-65F2-4D44-A8DF-83EA0E163835}"
EndProject
Global
	GlobalSection(SolutionConfigurationPlatforms) = preSolution
		Debug|Any CPU = Debug|Any CPU
		Release|Any CPU = Release|Any CPU
	EndGlobalSection
	GlobalSection(ProjectConfigurationPlatforms) = postSolution
		{AB2D565C-65F2-4D44-A8DF-83EA0E163835}.Debug|Any CPU.ActiveCfg = Debug|Any CPU
		{AB2D565C-65F2-4D44-A8DF-83EA0E163835}.Debug|Any CPU.Build.0 = Debug|Any CPU
		{AB2D565C-65F2-4D44-A8DF-83EA0E163835}.Release|Any CPU.ActiveCfg = Release|Any CPU
		{AB2D565C-65F2-4D44-A8DF-83EA0E163835}.Release|Any CPU.Build.0 = Release|Any CPU
	EndGlobalSection
	GlobalSection(SolutionProperties) = preSolution
		HideSolutionNode = FALSE
	EndGlobalSection
	GlobalSection(ExtensibilityGlobals) = postSolution
		SolutionGuid = {0FAA1C65-9629-4B78-907A-027B8C9039AB}
	EndGlobalSection
EndGlobal
