
Microsoft Visual Studio Solution File, Format Version 12.00
# Visual Studio Version 16
VisualStudioVersion = 16.0.31729.503
MinimumVisualStudioVersion = 10.0.40219.1
Project("{FAE04EC0-301F-11D3-BF4B-00C04F79EFBC}") = "6-zavdanya", "6-zavdanya.csproj", "{B3BD85AC-B6D7-4DF3-A5D2-3DDE01F91671}"
EndProject
Global
	GlobalSection(SolutionConfigurationPlatforms) = preSolution
		Debug|Any CPU = Debug|Any CPU
		Release|Any CPU = Release|Any CPU
	EndGlobalSection
	GlobalSection(ProjectConfigurationPlatforms) = postSolution
		{B3BD85AC-B6D7-4DF3-A5D2-3DDE01F91671}.Debug|Any CPU.ActiveCfg = Debug|Any CPU
		{B3BD85AC-B6D7-4DF3-A5D2-3DDE01F91671}.Debug|Any CPU.Build.0 = Debug|Any CPU
		{B3BD85AC-B6D7-4DF3-A5D2-3DDE01F91671}.Release|Any CPU.ActiveCfg = Release|Any CPU
		{B3BD85AC-B6D7-4DF3-A5D2-3DDE01F91671}.Release|Any CPU.Build.0 = Release|Any CPU
	EndGlobalSection
	GlobalSection(SolutionProperties) = preSolution
		HideSolutionNode = FALSE
	EndGlobalSection
	GlobalSection(ExtensibilityGlobals) = postSolution
		SolutionGuid = {3D618FAC-E9CD-48E3-8D12-31CA4BB11702}
	EndGlobalSection
EndGlobal
