
Microsoft Visual Studio Solution File, Format Version 12.00
# Visual Studio Version 16
VisualStudioVersion = 16.0.31729.503
MinimumVisualStudioVersion = 10.0.40219.1
Project("{FAE04EC0-301F-11D3-BF4B-00C04F79EFBC}") = "zavdanya", "zavdanya.csproj", "{2A5A70FD-4950-439D-9B1D-FD64DFAF79B2}"
EndProject
Global
	GlobalSection(SolutionConfigurationPlatforms) = preSolution
		Debug|Any CPU = Debug|Any CPU
		Release|Any CPU = Release|Any CPU
	EndGlobalSection
	GlobalSection(ProjectConfigurationPlatforms) = postSolution
		{2A5A70FD-4950-439D-9B1D-FD64DFAF79B2}.Debug|Any CPU.ActiveCfg = Debug|Any CPU
		{2A5A70FD-4950-439D-9B1D-FD64DFAF79B2}.Debug|Any CPU.Build.0 = Debug|Any CPU
		{2A5A70FD-4950-439D-9B1D-FD64DFAF79B2}.Release|Any CPU.ActiveCfg = Release|Any CPU
		{2A5A70FD-4950-439D-9B1D-FD64DFAF79B2}.Release|Any CPU.Build.0 = Release|Any CPU
	EndGlobalSection
	GlobalSection(SolutionProperties) = preSolution
		HideSolutionNode = FALSE
	EndGlobalSection
	GlobalSection(ExtensibilityGlobals) = postSolution
		SolutionGuid = {CBB7DF34-6856-4E47-ABD1-EAD3F1466B2B}
	EndGlobalSection
EndGlobal
