
Microsoft Visual Studio Solution File, Format Version 12.00
# Visual Studio Version 16
VisualStudioVersion = 16.0.31729.503
MinimumVisualStudioVersion = 10.0.40219.1
Project("{FAE04EC0-301F-11D3-BF4B-00C04F79EFBC}") = "even_number", "even_number.csproj", "{A5A861CD-BCE5-4EFF-94C1-526F57487D0A}"
EndProject
Global
	GlobalSection(SolutionConfigurationPlatforms) = preSolution
		Debug|Any CPU = Debug|Any CPU
		Release|Any CPU = Release|Any CPU
	EndGlobalSection
	GlobalSection(ProjectConfigurationPlatforms) = postSolution
		{A5A861CD-BCE5-4EFF-94C1-526F57487D0A}.Debug|Any CPU.ActiveCfg = Debug|Any CPU
		{A5A861CD-BCE5-4EFF-94C1-526F57487D0A}.Debug|Any CPU.Build.0 = Debug|Any CPU
		{A5A861CD-BCE5-4EFF-94C1-526F57487D0A}.Release|Any CPU.ActiveCfg = Release|Any CPU
		{A5A861CD-BCE5-4EFF-94C1-526F57487D0A}.Release|Any CPU.Build.0 = Release|Any CPU
	EndGlobalSection
	GlobalSection(SolutionProperties) = preSolution
		HideSolutionNode = FALSE
	EndGlobalSection
	GlobalSection(ExtensibilityGlobals) = postSolution
		SolutionGuid = {BF8788CE-6CA9-47B3-801C-49549D8746BD}
	EndGlobalSection
EndGlobal
