
Microsoft Visual Studio Solution File, Format Version 12.00
# Visual Studio Version 16
VisualStudioVersion = 16.0.31729.503
MinimumVisualStudioVersion = 10.0.40219.1
Project("{FAE04EC0-301F-11D3-BF4B-00C04F79EFBC}") = "2-zavdanya", "2-zavdanya.csproj", "{69D1C772-90C8-4F0C-9242-84A915DE2E45}"
EndProject
Global
	GlobalSection(SolutionConfigurationPlatforms) = preSolution
		Debug|Any CPU = Debug|Any CPU
		Release|Any CPU = Release|Any CPU
	EndGlobalSection
	GlobalSection(ProjectConfigurationPlatforms) = postSolution
		{69D1C772-90C8-4F0C-9242-84A915DE2E45}.Debug|Any CPU.ActiveCfg = Debug|Any CPU
		{69D1C772-90C8-4F0C-9242-84A915DE2E45}.Debug|Any CPU.Build.0 = Debug|Any CPU
		{69D1C772-90C8-4F0C-9242-84A915DE2E45}.Release|Any CPU.ActiveCfg = Release|Any CPU
		{69D1C772-90C8-4F0C-9242-84A915DE2E45}.Release|Any CPU.Build.0 = Release|Any CPU
	EndGlobalSection
	GlobalSection(SolutionProperties) = preSolution
		HideSolutionNode = FALSE
	EndGlobalSection
	GlobalSection(ExtensibilityGlobals) = postSolution
		SolutionGuid = {B287F220-202F-46B7-85B8-B7F8898DB4FB}
	EndGlobalSection
EndGlobal
