
Microsoft Visual Studio Solution File, Format Version 12.00
# Visual Studio Version 16
VisualStudioVersion = 16.0.31729.503
MinimumVisualStudioVersion = 10.0.40219.1
Project("{FAE04EC0-301F-11D3-BF4B-00C04F79EFBC}") = "4-zavdanya", "4-zavdanya.csproj", "{267E95EF-70AD-46C1-87C1-4A65D48B4218}"
EndProject
Global
	GlobalSection(SolutionConfigurationPlatforms) = preSolution
		Debug|Any CPU = Debug|Any CPU
		Release|Any CPU = Release|Any CPU
	EndGlobalSection
	GlobalSection(ProjectConfigurationPlatforms) = postSolution
		{267E95EF-70AD-46C1-87C1-4A65D48B4218}.Debug|Any CPU.ActiveCfg = Debug|Any CPU
		{267E95EF-70AD-46C1-87C1-4A65D48B4218}.Debug|Any CPU.Build.0 = Debug|Any CPU
		{267E95EF-70AD-46C1-87C1-4A65D48B4218}.Release|Any CPU.ActiveCfg = Release|Any CPU
		{267E95EF-70AD-46C1-87C1-4A65D48B4218}.Release|Any CPU.Build.0 = Release|Any CPU
	EndGlobalSection
	GlobalSection(SolutionProperties) = preSolution
		HideSolutionNode = FALSE
	EndGlobalSection
	GlobalSection(ExtensibilityGlobals) = postSolution
		SolutionGuid = {89D37FD1-2887-418D-8344-D1E856C1E811}
	EndGlobalSection
EndGlobal
