
Microsoft Visual Studio Solution File, Format Version 12.00
# Visual Studio Version 16
VisualStudioVersion = 16.0.31729.503
MinimumVisualStudioVersion = 10.0.40219.1
Project("{FAE04EC0-301F-11D3-BF4B-00C04F79EFBC}") = "8-zavdanya", "8-zavdanya.csproj", "{3EBA95BF-A67B-4644-B8CB-B821A490216B}"
EndProject
Global
	GlobalSection(SolutionConfigurationPlatforms) = preSolution
		Debug|Any CPU = Debug|Any CPU
		Release|Any CPU = Release|Any CPU
	EndGlobalSection
	GlobalSection(ProjectConfigurationPlatforms) = postSolution
		{3EBA95BF-A67B-4644-B8CB-B821A490216B}.Debug|Any CPU.ActiveCfg = Debug|Any CPU
		{3EBA95BF-A67B-4644-B8CB-B821A490216B}.Debug|Any CPU.Build.0 = Debug|Any CPU
		{3EBA95BF-A67B-4644-B8CB-B821A490216B}.Release|Any CPU.ActiveCfg = Release|Any CPU
		{3EBA95BF-A67B-4644-B8CB-B821A490216B}.Release|Any CPU.Build.0 = Release|Any CPU
	EndGlobalSection
	GlobalSection(SolutionProperties) = preSolution
		HideSolutionNode = FALSE
	EndGlobalSection
	GlobalSection(ExtensibilityGlobals) = postSolution
		SolutionGuid = {479E07EC-4F16-41CC-9CAE-7C4D36C7B266}
	EndGlobalSection
EndGlobal
