
Microsoft Visual Studio Solution File, Format Version 12.00
# Visual Studio Version 16
VisualStudioVersion = 16.0.31729.503
MinimumVisualStudioVersion = 10.0.40219.1
Project("{FAE04EC0-301F-11D3-BF4B-00C04F79EFBC}") = "9-zavdanya", "9-zavdanya.csproj", "{A58BD525-E271-4CDB-A88E-C31E95F16AD0}"
EndProject
Global
	GlobalSection(SolutionConfigurationPlatforms) = preSolution
		Debug|Any CPU = Debug|Any CPU
		Release|Any CPU = Release|Any CPU
	EndGlobalSection
	GlobalSection(ProjectConfigurationPlatforms) = postSolution
		{A58BD525-E271-4CDB-A88E-C31E95F16AD0}.Debug|Any CPU.ActiveCfg = Debug|Any CPU
		{A58BD525-E271-4CDB-A88E-C31E95F16AD0}.Debug|Any CPU.Build.0 = Debug|Any CPU
		{A58BD525-E271-4CDB-A88E-C31E95F16AD0}.Release|Any CPU.ActiveCfg = Release|Any CPU
		{A58BD525-E271-4CDB-A88E-C31E95F16AD0}.Release|Any CPU.Build.0 = Release|Any CPU
	EndGlobalSection
	GlobalSection(SolutionProperties) = preSolution
		HideSolutionNode = FALSE
	EndGlobalSection
	GlobalSection(ExtensibilityGlobals) = postSolution
		SolutionGuid = {23CCC6A5-BB2D-4573-AB17-B25159D445C8}
	EndGlobalSection
EndGlobal
